
Microsoft Visual Studio Solution File, Format Version 12.00
# Visual Studio Version 17
VisualStudioVersion = 17.14.36121.58
MinimumVisualStudioVersion = 10.0.40219.1
Project("{FAE04EC0-301F-11D3-BF4B-00C04F79EFBC}") = "PobihachMaksym.RobotChallange", "PobihachMaksym.RobotChallange.csproj", "{67C8519A-01CA-42A9-852C-CE555F7D290B}"
EndProject
Project("{FAE04EC0-301F-11D3-BF4B-00C04F79EFBC}") = "PobihachMaksym.RobotChallange.Test", "..\PobihachMaksym.RobotChallange.Test\PobihachMaksym.RobotChallange.Test.csproj", "{FC8B215E-ED75-44DA-9A98-23FF10B36FC3}"
EndProject
Global
	GlobalSection(SolutionConfigurationPlatforms) = preSolution
		Debug|Any CPU = Debug|Any CPU
		Release|Any CPU = Release|Any CPU
	EndGlobalSection
	GlobalSection(ProjectConfigurationPlatforms) = postSolution
		{67C8519A-01CA-42A9-852C-CE555F7D290B}.Debug|Any CPU.ActiveCfg = Debug|Any CPU
		{67C8519A-01CA-42A9-852C-CE555F7D290B}.Debug|Any CPU.Build.0 = Debug|Any CPU
		{67C8519A-01CA-42A9-852C-CE555F7D290B}.Release|Any CPU.ActiveCfg = Release|Any CPU
		{67C8519A-01CA-42A9-852C-CE555F7D290B}.Release|Any CPU.Build.0 = Release|Any CPU
		{FC8B215E-ED75-44DA-9A98-23FF10B36FC3}.Debug|Any CPU.ActiveCfg = Debug|Any CPU
		{FC8B215E-ED75-44DA-9A98-23FF10B36FC3}.Debug|Any CPU.Build.0 = Debug|Any CPU
		{FC8B215E-ED75-44DA-9A98-23FF10B36FC3}.Release|Any CPU.ActiveCfg = Release|Any CPU
		{FC8B215E-ED75-44DA-9A98-23FF10B36FC3}.Release|Any CPU.Build.0 = Release|Any CPU
	EndGlobalSection
	GlobalSection(SolutionProperties) = preSolution
		HideSolutionNode = FALSE
	EndGlobalSection
	GlobalSection(ExtensibilityGlobals) = postSolution
		SolutionGuid = {8BBECC95-C551-440E-9428-706D5D798B8E}
	EndGlobalSection
EndGlobal
